// !$*UTF8*$!
{
	archiveVersion = 1;
	classes = {
	};
	objectVersion = 46;
	objects = {

/* Begin PBXBuildFile section */
		292DA3331BCA19AB00975756 /* main.m in Sources */ = {isa = PBXBuildFile; fileRef = 292DA3321BCA19AB00975756 /* main.m */; };
		292DA3361BCA19AB00975756 /* AppDelegate.m in Sources */ = {isa = PBXBuildFile; fileRef = 292DA3351BCA19AB00975756 /* AppDelegate.m */; };
		292DA3391BCA19AB00975756 /* ViewController.m in Sources */ = {isa = PBXBuildFile; fileRef = 292DA3381BCA19AB00975756 /* ViewController.m */; };
		292DA33C1BCA19AB00975756 /* Main.storyboard in Resources */ = {isa = PBXBuildFile; fileRef = 292DA33A1BCA19AB00975756 /* Main.storyboard */; };
		292DA33E1BCA19AB00975756 /* Assets.xcassets in Resources */ = {isa = PBXBuildFile; fileRef = 292DA33D1BCA19AB00975756 /* Assets.xcassets */; };
		292DA3411BCA19AB00975756 /* LaunchScreen.storyboard in Resources */ = {isa = PBXBuildFile; fileRef = 292DA33F1BCA19AB00975756 /* LaunchScreen.storyboard */; };
		292DA34A1BCA19C100975756 /* MutableObject.mm in Sources */ = {isa = PBXBuildFile; fileRef = 292DA3491BCA19C100975756 /* MutableObject.mm */; settings = {ASSET_TAGS = (); }; };
/* End PBXBuildFile section */

/* Begin PBXFileReference section */
		292DA32E1BCA19AB00975756 /* LocksApp.app */ = {isa = PBXFileReference; explicitFileType = wrapper.application; includeInIndex = 0; path = LocksApp.app; sourceTree = BUILT_PRODUCTS_DIR; };
		292DA3321BCA19AB00975756 /* main.m */ = {isa = PBXFileReference; lastKnownFileType = sourcecode.c.objc; path = main.m; sourceTree = "<group>"; };
		292DA3341BCA19AB00975756 /* AppDelegate.h */ = {isa = PBXFileReference; lastKnownFileType = sourcecode.c.h; path = AppDelegate.h; sourceTree = "<group>"; };
		292DA3351BCA19AB00975756 /* AppDelegate.m */ = {isa = PBXFileReference; lastKnownFileType = sourcecode.c.objc; path = AppDelegate.m; sourceTree = "<group>"; };
		292DA3371BCA19AB00975756 /* ViewController.h */ = {isa = PBXFileReference; lastKnownFileType = sourcecode.c.h; path = ViewController.h; sourceTree = "<group>"; };
		292DA3381BCA19AB00975756 /* ViewController.m */ = {isa = PBXFileReference; lastKnownFileType = sourcecode.c.objc; path = ViewController.m; sourceTree = "<group>"; };
		292DA33B1BCA19AB00975756 /* Base */ = {isa = PBXFileReference; lastKnownFileType = file.storyboard; name = Base; path = Base.lproj/Main.storyboard; sourceTree = "<group>"; };
		292DA33D1BCA19AB00975756 /* Assets.xcassets */ = {isa = PBXFileReference; lastKnownFileType = folder.assetcatalog; path = Assets.xcassets; sourceTree = "<group>"; };
		292DA3401BCA19AB00975756 /* Base */ = {isa = PBXFileReference; lastKnownFileType = file.storyboard; name = Base; path = Base.lproj/LaunchScreen.storyboard; sourceTree = "<group>"; };
		292DA3421BCA19AB00975756 /* Info.plist */ = {isa = PBXFileReference; lastKnownFileType = text.plist.xml; path = Info.plist; sourceTree = "<group>"; };
		292DA3481BCA19C100975756 /* MutableObject.h */ = {isa = PBXFileReference; fileEncoding = 4; lastKnownFileType = sourcecode.c.h; path = MutableObject.h; sourceTree = "<group>"; };
		292DA3491BCA19C100975756 /* MutableObject.mm */ = {isa = PBXFileReference; fileEncoding = 4; lastKnownFileType = sourcecode.cpp.objcpp; path = MutableObject.mm; sourceTree = "<group>"; };
/* End PBXFileReference section */

/* Begin PBXFrameworksBuildPhase section */
		292DA32B1BCA19AB00975756 /* Frameworks */ = {
			isa = PBXFrameworksBuildPhase;
			buildActionMask = 2147483647;
			files = (
			);
			runOnlyForDeploymentPostprocessing = 0;
		};
/* End PBXFrameworksBuildPhase section */

/* Begin PBXGroup section */
		292DA3251BCA19AB00975756 = {
			isa = PBXGroup;
			children = (
				292DA3301BCA19AB00975756 /* LocksApp */,
				292DA32F1BCA19AB00975756 /* Products */,
			);
			sourceTree = "<group>";
		};
		292DA32F1BCA19AB00975756 /* Products */ = {
			isa = PBXGroup;
			children = (
				292DA32E1BCA19AB00975756 /* LocksApp.app */,
			);
			name = Products;
			sourceTree = "<group>";
		};
		292DA3301BCA19AB00975756 /* LocksApp */ = {
			isa = PBXGroup;
			children = (
				292DA3481BCA19C100975756 /* MutableObject.h */,
				292DA3491BCA19C100975756 /* MutableObject.mm */,
				292DA3341BCA19AB00975756 /* AppDelegate.h */,
				292DA3351BCA19AB00975756 /* AppDelegate.m */,
				292DA3371BCA19AB00975756 /* ViewController.h */,
				292DA3381BCA19AB00975756 /* ViewController.m */,
				292DA33A1BCA19AB00975756 /* Main.storyboard */,
				292DA33D1BCA19AB00975756 /* Assets.xcassets */,
				292DA33F1BCA19AB00975756 /* LaunchScreen.storyboard */,
				292DA3421BCA19AB00975756 /* Info.plist */,
				292DA3311BCA19AB00975756 /* Supporting Files */,
			);
			path = LocksApp;
			sourceTree = "<group>";
		};
		292DA3311BCA19AB00975756 /* Supporting Files */ = {
			isa = PBXGroup;
			children = (
				292DA3321BCA19AB00975756 /* main.m */,
			);
			name = "Supporting Files";
			sourceTree = "<group>";
		};
/* End PBXGroup section */

/* Begin PBXNativeTarget section */
		292DA32D1BCA19AB00975756 /* LocksApp */ = {
			isa = PBXNativeTarget;
			buildConfigurationList = 292DA3451BCA19AB00975756 /* Build configuration list for PBXNativeTarget "LocksApp" */;
			buildPhases = (
				292DA32A1BCA19AB00975756 /* Sources */,
				292DA32B1BCA19AB00975756 /* Frameworks */,
				292DA32C1BCA19AB00975756 /* Resources */,
			);
			buildRules = (
			);
			dependencies = (
			);
			name = LocksApp;
			productName = LocksApp;
			productReference = 292DA32E1BCA19AB00975756 /* LocksApp.app */;
			productType = "com.apple.product-type.application";
		};
/* End PBXNativeTarget section */

/* Begin PBXProject section */
		292DA3261BCA19AB00975756 /* Project object */ = {
			isa = PBXProject;
			attributes = {
				LastUpgradeCheck = 0700;
				ORGANIZATIONNAME = "Ryan Nystrom";
				TargetAttributes = {
					292DA32D1BCA19AB00975756 = {
						CreatedOnToolsVersion = 7.0.1;
						DevelopmentTeam = 523C4DWBTH;
					};
				};
			};
			buildConfigurationList = 292DA3291BCA19AB00975756 /* Build configuration list for PBXProject "LocksApp" */;
			compatibilityVersion = "Xcode 3.2";
			developmentRegion = English;
			hasScannedForEncodings = 0;
			knownRegions = (
				en,
				Base,
			);
			mainGroup = 292DA3251BCA19AB00975756;
			productRefGroup = 292DA32F1BCA19AB00975756 /* Products */;
			projectDirPath = "";
			projectRoot = "";
			targets = (
				292DA32D1BCA19AB00975756 /* LocksApp */,
			);
		};
/* End PBXProject section */

/* Begin PBXResourcesBuildPhase section */
		292DA32C1BCA19AB00975756 /* Resources */ = {
			isa = PBXResourcesBuildPhase;
			buildActionMask = 2147483647;
			files = (
				292DA3411BCA19AB00975756 /* LaunchScreen.storyboard in Resources */,
				292DA33E1BCA19AB00975756 /* Assets.xcassets in Resources */,
				292DA33C1BCA19AB00975756 /* Main.storyboard in Resources */,
			);
			runOnlyForDeploymentPostprocessing = 0;
		};
/* End PBXResourcesBuildPhase section */

/* Begin PBXSourcesBuildPhase section */
		292DA32A1BCA19AB00975756 /* Sources */ = {
			isa = PBXSourcesBuildPhase;
			buildActionMask = 2147483647;
			files = (
				292DA3391BCA19AB00975756 /* ViewController.m in Sources */,
				292DA34A1BCA19C100975756 /* MutableObject.mm in Sources */,
				292DA3361BCA19AB00975756 /* AppDelegate.m in Sources */,
				292DA3331BCA19AB00975756 /* main.m in Sources */,
			);
			runOnlyForDeploymentPostprocessing = 0;
		};
/* End PBXSourcesBuildPhase section */

/* Begin PBXVariantGroup section */
		292DA33A1BCA19AB00975756 /* Main.storyboard */ = {
			isa = PBXVariantGroup;
			children = (
				292DA33B1BCA19AB00975756 /* Base */,
			);
			name = Main.storyboard;
			sourceTree = "<group>";
		};
		292DA33F1BCA19AB00975756 /* LaunchScreen.storyboard */ = {
			isa = PBXVariantGroup;
			children = (
				292DA3401BCA19AB00975756 /* Base */,
			);
			name = LaunchScreen.storyboard;
			sourceTree = "<group>";
		};
/* End PBXVariantGroup section */

/* Begin XCBuildConfiguration section */
		292DA3431BCA19AB00975756 /* Debug */ = {
			isa = XCBuildConfiguration;
			buildSettings = {
				ALWAYS_SEARCH_USER_PATHS = NO;
				CLANG_CXX_LANGUAGE_STANDARD = "gnu++0x";
				CLANG_CXX_LIBRARY = "libc++";
				CLANG_ENABLE_MODULES = YES;
				CLANG_ENABLE_OBJC_ARC = YES;
				CLANG_WARN_BOOL_CONVERSION = YES;
				CLANG_WARN_CONSTANT_CONVERSION = YES;
				CLANG_WARN_DIRECT_OBJC_ISA_USAGE = YES_ERROR;
				CLANG_WARN_EMPTY_BODY = YES;
				CLANG_WARN_ENUM_CONVERSION = YES;
				CLANG_WARN_INT_CONVERSION = YES;
				CLANG_WARN_OBJC_ROOT_CLASS = YES_ERROR;
				CLANG_WARN_UNREACHABLE_CODE = YES;
				CLANG_WARN__DUPLICATE_METHOD_MATCH = YES;
				"CODE_SIGN_IDENTITY[sdk=iphoneos*]" = "iPhone Developer";
				COPY_PHASE_STRIP = NO;
				DEBUG_INFORMATION_FORMAT = dwarf;
				ENABLE_STRICT_OBJC_MSGSEND = YES;
				ENABLE_TESTABILITY = YES;
				GCC_C_LANGUAGE_STANDARD = gnu99;
				GCC_DYNAMIC_NO_PIC = NO;
				GCC_NO_COMMON_BLOCKS = YES;
				GCC_OPTIMIZATION_LEVEL = 0;
				GCC_PREPROCESSOR_DEFINITIONS = (
					"DEBUG=1",
					"$(inherited)",
				);
				GCC_WARN_64_TO_32_BIT_CONVERSION = YES;
				GCC_WARN_ABOUT_RETURN_TYPE = YES_ERROR;
				GCC_WARN_UNDECLARED_SELECTOR = YES;
				GCC_WARN_UNINITIALIZED_AUTOS = YES_AGGRESSIVE;
				GCC_WARN_UNUSED_FUNCTION = YES;
				GCC_WARN_UNUSED_VARIABLE = YES;
				IPHONEOS_DEPLOYMENT_TARGET = 9.0;
				MTL_ENABLE_DEBUG_INFO = YES;
				ONLY_ACTIVE_ARCH = YES;
				SDKROOT = iphoneos;
			};
			name = Debug;
		};
		292DA3441BCA19AB00975756 /* Release */ = {
			isa = XCBuildConfiguration;
			buildSettings = {
				ALWAYS_SEARCH_USER_PATHS = NO;
				CLANG_CXX_LANGUAGE_STANDARD = "gnu++0x";
				CLANG_CXX_LIBRARY = "libc++";
				CLANG_ENABLE_MODULES = YES;
				CLANG_ENABLE_OBJC_ARC = YES;
				CLANG_WARN_BOOL_CONVERSION = YES;
				CLANG_WARN_CONSTANT_CONVERSION = YES;
				CLANG_WARN_DIRECT_OBJC_ISA_USAGE = YES_ERROR;
				CLANG_WARN_EMPTY_BODY = YES;
				CLANG_WARN_ENUM_CONVERSION = YES;
				CLANG_WARN_INT_CONVERSION = YES;
				CLANG_WARN_OBJC_ROOT_CLASS = YES_ERROR;
				CLANG_WARN_UNREACHABLE_CODE = YES;
				CLANG_WARN__DUPLICATE_METHOD_MATCH = YES;
				"CODE_SIGN_IDENTITY[sdk=iphoneos*]" = "iPhone Developer";
				COPY_PHASE_STRIP = NO;
				DEBUG_INFORMATION_FORMAT = "dwarf-with-dsym";
				ENABLE_NS_ASSERTIONS = NO;
				ENABLE_STRICT_OBJC_MSGSEND = YES;
				GCC_C_LANGUAGE_STANDARD = gnu99;
				GCC_NO_COMMON_BLOCKS = YES;
				GCC_WARN_64_TO_32_BIT_CONVERSION = YES;
				GCC_WARN_ABOUT_RETURN_TYPE = YES_ERROR;
				GCC_WARN_UNDECLARED_SELECTOR = YES;
				GCC_WARN_UNINITIALIZED_AUTOS = YES_AGGRESSIVE;
				GCC_WARN_UNUSED_FUNCTION = YES;
				GCC_WARN_UNUSED_VARIABLE = YES;
				IPHONEOS_DEPLOYMENT_TARGET = 9.0;
				MTL_ENABLE_DEBUG_INFO = NO;
				SDKROOT = iphoneos;
				VALIDATE_PRODUCT = YES;
			};
			name = Release;
		};
		292DA3461BCA19AB00975756 /* Debug */ = {
			isa = XCBuildConfiguration;
			buildSettings = {
				ASSETCATALOG_COMPILER_APPICON_NAME = AppIcon;
				CODE_SIGN_IDENTITY = "iPhone Developer";
				"CODE_SIGN_IDENTITY[sdk=iphoneos*]" = "iPhone Developer";
				INFOPLIST_FILE = LocksApp/Info.plist;
				LD_RUNPATH_SEARCH_PATHS = "$(inherited) @executable_path/Frameworks";
				PRODUCT_BUNDLE_IDENTIFIER = com.whoisryannystrom.LocksApp;
				PRODUCT_NAME = "$(TARGET_NAME)";
				PROVISIONING_PROFILE = "";
			};
			name = Debug;
		};
		292DA3471BCA19AB00975756 /* Release */ = {
			isa = XCBuildConfiguration;
			buildSettings = {
				ASSETCATALOG_COMPILER_APPICON_NAME = AppIcon;
				CODE_SIGN_IDENTITY = "iPhone Developer";
				"CODE_SIGN_IDENTITY[sdk=iphoneos*]" = "iPhone Developer";
				INFOPLIST_FILE = LocksApp/Info.plist;
				LD_RUNPATH_SEARCH_PATHS = "$(inherited) @executable_path/Frameworks";
				PRODUCT_BUNDLE_IDENTIFIER = com.whoisryannystrom.LocksApp;
				PRODUCT_NAME = "$(TARGET_NAME)";
				PROVISIONING_PROFILE = "";
			};
			name = Release;
		};
/* End XCBuildConfiguration section */

/* Begin XCConfigurationList section */
		292DA3291BCA19AB00975756 /* Build configuration list for PBXProject "LocksApp" */ = {
			isa = XCConfigurationList;
			buildConfigurations = (
				292DA3431BCA19AB00975756 /* Debug */,
				292DA3441BCA19AB00975756 /* Release */,
			);
			defaultConfigurationIsVisible = 0;
			defaultConfigurationName = Release;
		};
		292DA3451BCA19AB00975756 /* Build configuration list for PBXNativeTarget "LocksApp" */ = {
			isa = XCConfigurationList;
			buildConfigurations = (
				292DA3461BCA19AB00975756 /* Debug */,
				292DA3471BCA19AB00975756 /* Release */,
			);
			defaultConfigurationIsVisible = 0;
		};
/* End XCConfigurationList section */
	};
	rootObject = 292DA3261BCA19AB00975756 /* Project object */;
}
